
Microsoft Visual Studio Solution File, Format Version 12.00
# Visual Studio Version 16
VisualStudioVersion = 16.0.31402.337
MinimumVisualStudioVersion = 10.0.40219.1
Project("{FAE04EC0-301F-11D3-BF4B-00C04F79EFBC}") = "TaskManager", "TaskManager\TaskManager.csproj", "{0118C42D-786C-44B1-A590-1B764AF0AD8A}"
EndProject
Project("{FAE04EC0-301F-11D3-BF4B-00C04F79EFBC}") = "TaskManager.Entities", "TaskManager.Entities\TaskManager.Entities.csproj", "{77B43083-88D1-43AE-A38C-E4953385031A}"
EndProject
Project("{FAE04EC0-301F-11D3-BF4B-00C04F79EFBC}") = "TaskManager.TablesCreater", "TaskManager.TablesCreater\TaskManager.TablesCreater.csproj", "{35CF9CF3-6C3C-4E39-B7FE-9FC2D9FB24F1}"
EndProject
Global
	GlobalSection(SolutionConfigurationPlatforms) = preSolution
		Debug|Any CPU = Debug|Any CPU
		Release|Any CPU = Release|Any CPU
	EndGlobalSection
	GlobalSection(ProjectConfigurationPlatforms) = postSolution
		{0118C42D-786C-44B1-A590-1B764AF0AD8A}.Debug|Any CPU.ActiveCfg = Debug|Any CPU
		{0118C42D-786C-44B1-A590-1B764AF0AD8A}.Debug|Any CPU.Build.0 = Debug|Any CPU
		{0118C42D-786C-44B1-A590-1B764AF0AD8A}.Release|Any CPU.ActiveCfg = Release|Any CPU
		{0118C42D-786C-44B1-A590-1B764AF0AD8A}.Release|Any CPU.Build.0 = Release|Any CPU
		{77B43083-88D1-43AE-A38C-E4953385031A}.Debug|Any CPU.ActiveCfg = Debug|Any CPU
		{77B43083-88D1-43AE-A38C-E4953385031A}.Debug|Any CPU.Build.0 = Debug|Any CPU
		{77B43083-88D1-43AE-A38C-E4953385031A}.Release|Any CPU.ActiveCfg = Release|Any CPU
		{77B43083-88D1-43AE-A38C-E4953385031A}.Release|Any CPU.Build.0 = Release|Any CPU
		{35CF9CF3-6C3C-4E39-B7FE-9FC2D9FB24F1}.Debug|Any CPU.ActiveCfg = Debug|Any CPU
		{35CF9CF3-6C3C-4E39-B7FE-9FC2D9FB24F1}.Debug|Any CPU.Build.0 = Debug|Any CPU
		{35CF9CF3-6C3C-4E39-B7FE-9FC2D9FB24F1}.Release|Any CPU.ActiveCfg = Release|Any CPU
		{35CF9CF3-6C3C-4E39-B7FE-9FC2D9FB24F1}.Release|Any CPU.Build.0 = Release|Any CPU
	EndGlobalSection
	GlobalSection(SolutionProperties) = preSolution
		HideSolutionNode = FALSE
	EndGlobalSection
	GlobalSection(ExtensibilityGlobals) = postSolution
		SolutionGuid = {14EE6051-C529-4758-B60D-24A164FD3C91}
	EndGlobalSection
EndGlobal
